
Microsoft Visual Studio Solution File, Format Version 12.00
# Visual Studio Version 17
VisualStudioVersion = 17.0.32112.339
MinimumVisualStudioVersion = 10.0.40219.1
Project("{9A19103F-16F7-4668-BE54-9A1E7A4F7556}") = "01. Basic Stack Operations", "01. Basic Stack Operations\01. Basic Stack Operations.csproj", "{F10D7917-491E-440E-A11A-12D6FBAF3EC8}"
EndProject
Project("{9A19103F-16F7-4668-BE54-9A1E7A4F7556}") = "02. Basic Queue Operations", "02. Basic Queue Operations\02. Basic Queue Operations.csproj", "{73D44669-8673-4EA8-97EC-7AEA3183A8B8}"
EndProject
Project("{9A19103F-16F7-4668-BE54-9A1E7A4F7556}") = "03. Maximum and Minimum Element", "03. Maximum and Minimum Element\03. Maximum and Minimum Element.csproj", "{8ED86AE3-DC61-4BCC-A424-C39BEA2115CD}"
EndProject
Project("{9A19103F-16F7-4668-BE54-9A1E7A4F7556}") = "04. Fast Food", "04. Fast Food\04. Fast Food.csproj", "{B9BC8147-C21A-499A-947D-7C945E95896C}"
EndProject
Project("{9A19103F-16F7-4668-BE54-9A1E7A4F7556}") = "05. Fashion Boutique", "05. Fashion Boutique\05. Fashion Boutique.csproj", "{60ADADA2-B809-4479-ABC0-429C10985CFF}"
EndProject
Project("{9A19103F-16F7-4668-BE54-9A1E7A4F7556}") = "06. Songs Queue", "06. Songs Queue\06. Songs Queue.csproj", "{F90E265C-AC94-46FC-A1CD-B8F5364A4AA3}"
EndProject
Project("{9A19103F-16F7-4668-BE54-9A1E7A4F7556}") = "07. Truck Tour", "07. Truck Tour\07. Truck Tour.csproj", "{A27DD727-906D-48A8-9F82-9E2F998CDA63}"
EndProject
Project("{9A19103F-16F7-4668-BE54-9A1E7A4F7556}") = "08. Balanced Parenthesis", "08. Balanced Parenthesis\08. Balanced Parenthesis.csproj", "{5166C536-6F64-4327-AD4A-7E8428C5569F}"
EndProject
Project("{9A19103F-16F7-4668-BE54-9A1E7A4F7556}") = "09. Simple Text Editor", "09. Simple Text Editor\09. Simple Text Editor.csproj", "{1DBA22A7-1396-43F3-9695-4156576047E7}"
EndProject
Project("{9A19103F-16F7-4668-BE54-9A1E7A4F7556}") = "10. Crossroads", "10. Crossroads\10. Crossroads.csproj", "{DABF1795-B4C5-46BF-B83A-629AC34C67F2}"
EndProject
Project("{FAE04EC0-301F-11D3-BF4B-00C04F79EFBC}") = "11. Key Revolver", "11. Key Revolver\11. Key Revolver.csproj", "{41EA931C-C247-40BD-B2F5-FC15221273B8}"
EndProject
Project("{FAE04EC0-301F-11D3-BF4B-00C04F79EFBC}") = "12. Cups and Bottles", "12. Cups and Bottles\12. Cups and Bottles.csproj", "{38665167-EA94-4D68-9977-2C4D87D6FBDC}"
EndProject
Global
	GlobalSection(SolutionConfigurationPlatforms) = preSolution
		Debug|Any CPU = Debug|Any CPU
		Release|Any CPU = Release|Any CPU
	EndGlobalSection
	GlobalSection(ProjectConfigurationPlatforms) = postSolution
		{F10D7917-491E-440E-A11A-12D6FBAF3EC8}.Debug|Any CPU.ActiveCfg = Debug|Any CPU
		{F10D7917-491E-440E-A11A-12D6FBAF3EC8}.Debug|Any CPU.Build.0 = Debug|Any CPU
		{F10D7917-491E-440E-A11A-12D6FBAF3EC8}.Release|Any CPU.ActiveCfg = Release|Any CPU
		{F10D7917-491E-440E-A11A-12D6FBAF3EC8}.Release|Any CPU.Build.0 = Release|Any CPU
		{73D44669-8673-4EA8-97EC-7AEA3183A8B8}.Debug|Any CPU.ActiveCfg = Debug|Any CPU
		{73D44669-8673-4EA8-97EC-7AEA3183A8B8}.Debug|Any CPU.Build.0 = Debug|Any CPU
		{73D44669-8673-4EA8-97EC-7AEA3183A8B8}.Release|Any CPU.ActiveCfg = Release|Any CPU
		{73D44669-8673-4EA8-97EC-7AEA3183A8B8}.Release|Any CPU.Build.0 = Release|Any CPU
		{8ED86AE3-DC61-4BCC-A424-C39BEA2115CD}.Debug|Any CPU.ActiveCfg = Debug|Any CPU
		{8ED86AE3-DC61-4BCC-A424-C39BEA2115CD}.Debug|Any CPU.Build.0 = Debug|Any CPU
		{8ED86AE3-DC61-4BCC-A424-C39BEA2115CD}.Release|Any CPU.ActiveCfg = Release|Any CPU
		{8ED86AE3-DC61-4BCC-A424-C39BEA2115CD}.Release|Any CPU.Build.0 = Release|Any CPU
		{B9BC8147-C21A-499A-947D-7C945E95896C}.Debug|Any CPU.ActiveCfg = Debug|Any CPU
		{B9BC8147-C21A-499A-947D-7C945E95896C}.Debug|Any CPU.Build.0 = Debug|Any CPU
		{B9BC8147-C21A-499A-947D-7C945E95896C}.Release|Any CPU.ActiveCfg = Release|Any CPU
		{B9BC8147-C21A-499A-947D-7C945E95896C}.Release|Any CPU.Build.0 = Release|Any CPU
		{60ADADA2-B809-4479-ABC0-429C10985CFF}.Debug|Any CPU.ActiveCfg = Debug|Any CPU
		{60ADADA2-B809-4479-ABC0-429C10985CFF}.Debug|Any CPU.Build.0 = Debug|Any CPU
		{60ADADA2-B809-4479-ABC0-429C10985CFF}.Release|Any CPU.ActiveCfg = Release|Any CPU
		{60ADADA2-B809-4479-ABC0-429C10985CFF}.Release|Any CPU.Build.0 = Release|Any CPU
		{F90E265C-AC94-46FC-A1CD-B8F5364A4AA3}.Debug|Any CPU.ActiveCfg = Debug|Any CPU
		{F90E265C-AC94-46FC-A1CD-B8F5364A4AA3}.Debug|Any CPU.Build.0 = Debug|Any CPU
		{F90E265C-AC94-46FC-A1CD-B8F5364A4AA3}.Release|Any CPU.ActiveCfg = Release|Any CPU
		{F90E265C-AC94-46FC-A1CD-B8F5364A4AA3}.Release|Any CPU.Build.0 = Release|Any CPU
		{A27DD727-906D-48A8-9F82-9E2F998CDA63}.Debug|Any CPU.ActiveCfg = Debug|Any CPU
		{A27DD727-906D-48A8-9F82-9E2F998CDA63}.Debug|Any CPU.Build.0 = Debug|Any CPU
		{A27DD727-906D-48A8-9F82-9E2F998CDA63}.Release|Any CPU.ActiveCfg = Release|Any CPU
		{A27DD727-906D-48A8-9F82-9E2F998CDA63}.Release|Any CPU.Build.0 = Release|Any CPU
		{5166C536-6F64-4327-AD4A-7E8428C5569F}.Debug|Any CPU.ActiveCfg = Debug|Any CPU
		{5166C536-6F64-4327-AD4A-7E8428C5569F}.Debug|Any CPU.Build.0 = Debug|Any CPU
		{5166C536-6F64-4327-AD4A-7E8428C5569F}.Release|Any CPU.ActiveCfg = Release|Any CPU
		{5166C536-6F64-4327-AD4A-7E8428C5569F}.Release|Any CPU.Build.0 = Release|Any CPU
		{1DBA22A7-1396-43F3-9695-4156576047E7}.Debug|Any CPU.ActiveCfg = Debug|Any CPU
		{1DBA22A7-1396-43F3-9695-4156576047E7}.Debug|Any CPU.Build.0 = Debug|Any CPU
		{1DBA22A7-1396-43F3-9695-4156576047E7}.Release|Any CPU.ActiveCfg = Release|Any CPU
		{1DBA22A7-1396-43F3-9695-4156576047E7}.Release|Any CPU.Build.0 = Release|Any CPU
		{DABF1795-B4C5-46BF-B83A-629AC34C67F2}.Debug|Any CPU.ActiveCfg = Debug|Any CPU
		{DABF1795-B4C5-46BF-B83A-629AC34C67F2}.Debug|Any CPU.Build.0 = Debug|Any CPU
		{DABF1795-B4C5-46BF-B83A-629AC34C67F2}.Release|Any CPU.ActiveCfg = Release|Any CPU
		{DABF1795-B4C5-46BF-B83A-629AC34C67F2}.Release|Any CPU.Build.0 = Release|Any CPU
		{41EA931C-C247-40BD-B2F5-FC15221273B8}.Debug|Any CPU.ActiveCfg = Debug|Any CPU
		{41EA931C-C247-40BD-B2F5-FC15221273B8}.Debug|Any CPU.Build.0 = Debug|Any CPU
		{41EA931C-C247-40BD-B2F5-FC15221273B8}.Release|Any CPU.ActiveCfg = Release|Any CPU
		{41EA931C-C247-40BD-B2F5-FC15221273B8}.Release|Any CPU.Build.0 = Release|Any CPU
		{38665167-EA94-4D68-9977-2C4D87D6FBDC}.Debug|Any CPU.ActiveCfg = Debug|Any CPU
		{38665167-EA94-4D68-9977-2C4D87D6FBDC}.Debug|Any CPU.Build.0 = Debug|Any CPU
		{38665167-EA94-4D68-9977-2C4D87D6FBDC}.Release|Any CPU.ActiveCfg = Release|Any CPU
		{38665167-EA94-4D68-9977-2C4D87D6FBDC}.Release|Any CPU.Build.0 = Release|Any CPU
	EndGlobalSection
	GlobalSection(SolutionProperties) = preSolution
		HideSolutionNode = FALSE
	EndGlobalSection
	GlobalSection(ExtensibilityGlobals) = postSolution
		SolutionGuid = {5F039F47-A8B5-496F-A343-4B44364AF9A5}
	EndGlobalSection
EndGlobal
