
Microsoft Visual Studio Solution File, Format Version 12.00
# Visual Studio Version 17
VisualStudioVersion = 17.0.32112.339
MinimumVisualStudioVersion = 10.0.40219.1
Project("{FAE04EC0-301F-11D3-BF4B-00C04F79EFBC}") = "01. Blacksmith", "01. Blacksmith\01. Blacksmith.csproj", "{C7588C1D-D3B0-467A-9FB7-C7E8DEBF5358}"
EndProject
Project("{FAE04EC0-301F-11D3-BF4B-00C04F79EFBC}") = "02. Armory", "02. Armory\02. Armory.csproj", "{734C1DF9-82AC-46F1-B485-B5D12E772B88}"
EndProject
Global
	GlobalSection(SolutionConfigurationPlatforms) = preSolution
		Debug|Any CPU = Debug|Any CPU
		Release|Any CPU = Release|Any CPU
	EndGlobalSection
	GlobalSection(ProjectConfigurationPlatforms) = postSolution
		{C7588C1D-D3B0-467A-9FB7-C7E8DEBF5358}.Debug|Any CPU.ActiveCfg = Debug|Any CPU
		{C7588C1D-D3B0-467A-9FB7-C7E8DEBF5358}.Debug|Any CPU.Build.0 = Debug|Any CPU
		{C7588C1D-D3B0-467A-9FB7-C7E8DEBF5358}.Release|Any CPU.ActiveCfg = Release|Any CPU
		{C7588C1D-D3B0-467A-9FB7-C7E8DEBF5358}.Release|Any CPU.Build.0 = Release|Any CPU
		{734C1DF9-82AC-46F1-B485-B5D12E772B88}.Debug|Any CPU.ActiveCfg = Debug|Any CPU
		{734C1DF9-82AC-46F1-B485-B5D12E772B88}.Debug|Any CPU.Build.0 = Debug|Any CPU
		{734C1DF9-82AC-46F1-B485-B5D12E772B88}.Release|Any CPU.ActiveCfg = Release|Any CPU
		{734C1DF9-82AC-46F1-B485-B5D12E772B88}.Release|Any CPU.Build.0 = Release|Any CPU
	EndGlobalSection
	GlobalSection(SolutionProperties) = preSolution
		HideSolutionNode = FALSE
	EndGlobalSection
	GlobalSection(ExtensibilityGlobals) = postSolution
		SolutionGuid = {0E27A768-3A08-4D9D-BF86-E8D8A13B3A0D}
	EndGlobalSection
EndGlobal
