
Microsoft Visual Studio Solution File, Format Version 12.00
# Visual Studio Version 17
VisualStudioVersion = 17.0.32112.339
MinimumVisualStudioVersion = 10.0.40219.1
Project("{9A19103F-16F7-4668-BE54-9A1E7A4F7556}") = "ComputerArchitecture", "ComputerArchitecture.csproj", "{DDC72633-CAFE-4A58-86CA-8119A518E3A8}"
EndProject
Global
	GlobalSection(SolutionConfigurationPlatforms) = preSolution
		Debug|Any CPU = Debug|Any CPU
		Release|Any CPU = Release|Any CPU
	EndGlobalSection
	GlobalSection(ProjectConfigurationPlatforms) = postSolution
		{DDC72633-CAFE-4A58-86CA-8119A518E3A8}.Debug|Any CPU.ActiveCfg = Debug|Any CPU
		{DDC72633-CAFE-4A58-86CA-8119A518E3A8}.Debug|Any CPU.Build.0 = Debug|Any CPU
		{DDC72633-CAFE-4A58-86CA-8119A518E3A8}.Release|Any CPU.ActiveCfg = Release|Any CPU
		{DDC72633-CAFE-4A58-86CA-8119A518E3A8}.Release|Any CPU.Build.0 = Release|Any CPU
	EndGlobalSection
	GlobalSection(SolutionProperties) = preSolution
		HideSolutionNode = FALSE
	EndGlobalSection
	GlobalSection(ExtensibilityGlobals) = postSolution
		SolutionGuid = {F286CDC5-1B51-432F-AE10-1D630225AF80}
	EndGlobalSection
EndGlobal
