
Microsoft Visual Studio Solution File, Format Version 12.00
# Visual Studio Version 17
VisualStudioVersion = 17.0.32112.339
MinimumVisualStudioVersion = 10.0.40219.1
Project("{9A19103F-16F7-4668-BE54-9A1E7A4F7556}") = "01. Climb the Peaks", "01. Climb the Peaks\01. Climb the Peaks.csproj", "{AD0DB13F-41E0-48CE-B630-3FFB8FC26994}"
EndProject
Project("{9A19103F-16F7-4668-BE54-9A1E7A4F7556}") = "02. Navy Battle", "02. Navy Battle\02. Navy Battle.csproj", "{2EE1CBB5-5FF3-4149-9E9A-DDAAF0FE50AB}"
EndProject
Project("{9A19103F-16F7-4668-BE54-9A1E7A4F7556}") = "ShoeStore", "03. Shoe Store\ShoeStore.csproj", "{B38E34FA-48E2-45F5-9B71-17E22D421690}"
EndProject
Global
	GlobalSection(SolutionConfigurationPlatforms) = preSolution
		Debug|Any CPU = Debug|Any CPU
		Release|Any CPU = Release|Any CPU
	EndGlobalSection
	GlobalSection(ProjectConfigurationPlatforms) = postSolution
		{AD0DB13F-41E0-48CE-B630-3FFB8FC26994}.Debug|Any CPU.ActiveCfg = Debug|Any CPU
		{AD0DB13F-41E0-48CE-B630-3FFB8FC26994}.Debug|Any CPU.Build.0 = Debug|Any CPU
		{AD0DB13F-41E0-48CE-B630-3FFB8FC26994}.Release|Any CPU.ActiveCfg = Release|Any CPU
		{AD0DB13F-41E0-48CE-B630-3FFB8FC26994}.Release|Any CPU.Build.0 = Release|Any CPU
		{2EE1CBB5-5FF3-4149-9E9A-DDAAF0FE50AB}.Debug|Any CPU.ActiveCfg = Debug|Any CPU
		{2EE1CBB5-5FF3-4149-9E9A-DDAAF0FE50AB}.Debug|Any CPU.Build.0 = Debug|Any CPU
		{2EE1CBB5-5FF3-4149-9E9A-DDAAF0FE50AB}.Release|Any CPU.ActiveCfg = Release|Any CPU
		{2EE1CBB5-5FF3-4149-9E9A-DDAAF0FE50AB}.Release|Any CPU.Build.0 = Release|Any CPU
		{B38E34FA-48E2-45F5-9B71-17E22D421690}.Debug|Any CPU.ActiveCfg = Debug|Any CPU
		{B38E34FA-48E2-45F5-9B71-17E22D421690}.Debug|Any CPU.Build.0 = Debug|Any CPU
		{B38E34FA-48E2-45F5-9B71-17E22D421690}.Release|Any CPU.ActiveCfg = Release|Any CPU
		{B38E34FA-48E2-45F5-9B71-17E22D421690}.Release|Any CPU.Build.0 = Release|Any CPU
	EndGlobalSection
	GlobalSection(SolutionProperties) = preSolution
		HideSolutionNode = FALSE
	EndGlobalSection
	GlobalSection(ExtensibilityGlobals) = postSolution
		SolutionGuid = {02B2F36C-493F-411B-BC03-1223F281D6E6}
	EndGlobalSection
EndGlobal
